
Microsoft Visual Studio Solution File, Format Version 12.00
# Visual Studio Version 17
VisualStudioVersion = 17.5.002.0
MinimumVisualStudioVersion = 10.0.40219.1
Project("{9A19103F-16F7-4668-BE54-9A1E7A4F7556}") = "api", "api\api.csproj", "{3F85CA05-5841-471E-836E-465289E0C089}"
EndProject
Global
	GlobalSection(SolutionConfigurationPlatforms) = preSolution
		Debug|Any CPU = Debug|Any CPU
		Release|Any CPU = Release|Any CPU
	EndGlobalSection
	GlobalSection(ProjectConfigurationPlatforms) = postSolution
		{3F85CA05-5841-471E-836E-465289E0C089}.Debug|Any CPU.ActiveCfg = Debug|Any CPU
		{3F85CA05-5841-471E-836E-465289E0C089}.Debug|Any CPU.Build.0 = Debug|Any CPU
		{3F85CA05-5841-471E-836E-465289E0C089}.Release|Any CPU.ActiveCfg = Release|Any CPU
		{3F85CA05-5841-471E-836E-465289E0C089}.Release|Any CPU.Build.0 = Release|Any CPU
	EndGlobalSection
	GlobalSection(SolutionProperties) = preSolution
		HideSolutionNode = FALSE
	EndGlobalSection
	GlobalSection(ExtensibilityGlobals) = postSolution
		SolutionGuid = {ABCA344D-146B-40D3-A363-118D933BD0EC}
	EndGlobalSection
EndGlobal
